
Microsoft Visual Studio Solution File, Format Version 12.00
# Visual Studio Version 17
VisualStudioVersion = 17.0.31903.59
MinimumVisualStudioVersion = 10.0.40219.1
Project("{2150E333-8FDC-42A3-9474-1A3956D46DE8}") = "src", "src", "{827E0CD3-B72D-47B6-A68D-7590B98EB39B}"
EndProject
Project("{FAE04EC0-301F-11D3-BF4B-00C04F79EFBC}") = "FarmScheduler.Functions", "src\FarmScheduler.Functions\FarmScheduler.Functions.csproj", "{E083FFD2-68C5-4365-98EE-9D71832A5A7E}"
EndProject
Project("{FAE04EC0-301F-11D3-BF4B-00C04F79EFBC}") = "FarmScheduler.Core", "src\FarmScheduler.Core\FarmScheduler.Core.csproj", "{56A2FE10-0395-4A42-94ED-40698C0B98B6}"
EndProject
Project("{2150E333-8FDC-42A3-9474-1A3956D46DE8}") = "tests", "tests", "{0AB3BF05-4346-4AA6-1389-037BE0695223}"
EndProject
Project("{FAE04EC0-301F-11D3-BF4B-00C04F79EFBC}") = "FarmScheduler.Functions.Tests", "tests\FarmScheduler.Functions.Tests\FarmScheduler.Functions.Tests.csproj", "{CA5D4C8F-DFCF-4DEE-BCAF-42D8C6D0E2BF}"
EndProject
Project("{FAE04EC0-301F-11D3-BF4B-00C04F79EFBC}") = "FarmScheduler.Integration.Tests", "tests\FarmScheduler.Integration.Tests\FarmScheduler.Integration.Tests.csproj", "{83E98A59-231A-4BCC-9D43-11BE0A5718B6}"
EndProject
Global
	GlobalSection(SolutionConfigurationPlatforms) = preSolution
		Debug|Any CPU = Debug|Any CPU
		Debug|x64 = Debug|x64
		Debug|x86 = Debug|x86
		Release|Any CPU = Release|Any CPU
		Release|x64 = Release|x64
		Release|x86 = Release|x86
	EndGlobalSection
	GlobalSection(ProjectConfigurationPlatforms) = postSolution
		{E083FFD2-68C5-4365-98EE-9D71832A5A7E}.Debug|Any CPU.ActiveCfg = Debug|Any CPU
		{E083FFD2-68C5-4365-98EE-9D71832A5A7E}.Debug|Any CPU.Build.0 = Debug|Any CPU
		{E083FFD2-68C5-4365-98EE-9D71832A5A7E}.Debug|x64.ActiveCfg = Debug|Any CPU
		{E083FFD2-68C5-4365-98EE-9D71832A5A7E}.Debug|x64.Build.0 = Debug|Any CPU
		{E083FFD2-68C5-4365-98EE-9D71832A5A7E}.Debug|x86.ActiveCfg = Debug|Any CPU
		{E083FFD2-68C5-4365-98EE-9D71832A5A7E}.Debug|x86.Build.0 = Debug|Any CPU
		{E083FFD2-68C5-4365-98EE-9D71832A5A7E}.Release|Any CPU.ActiveCfg = Release|Any CPU
		{E083FFD2-68C5-4365-98EE-9D71832A5A7E}.Release|Any CPU.Build.0 = Release|Any CPU
		{E083FFD2-68C5-4365-98EE-9D71832A5A7E}.Release|x64.ActiveCfg = Release|Any CPU
		{E083FFD2-68C5-4365-98EE-9D71832A5A7E}.Release|x64.Build.0 = Release|Any CPU
		{E083FFD2-68C5-4365-98EE-9D71832A5A7E}.Release|x86.ActiveCfg = Release|Any CPU
		{E083FFD2-68C5-4365-98EE-9D71832A5A7E}.Release|x86.Build.0 = Release|Any CPU
		{56A2FE10-0395-4A42-94ED-40698C0B98B6}.Debug|Any CPU.ActiveCfg = Debug|Any CPU
		{56A2FE10-0395-4A42-94ED-40698C0B98B6}.Debug|Any CPU.Build.0 = Debug|Any CPU
		{56A2FE10-0395-4A42-94ED-40698C0B98B6}.Debug|x64.ActiveCfg = Debug|Any CPU
		{56A2FE10-0395-4A42-94ED-40698C0B98B6}.Debug|x64.Build.0 = Debug|Any CPU
		{56A2FE10-0395-4A42-94ED-40698C0B98B6}.Debug|x86.ActiveCfg = Debug|Any CPU
		{56A2FE10-0395-4A42-94ED-40698C0B98B6}.Debug|x86.Build.0 = Debug|Any CPU
		{56A2FE10-0395-4A42-94ED-40698C0B98B6}.Release|Any CPU.ActiveCfg = Release|Any CPU
		{56A2FE10-0395-4A42-94ED-40698C0B98B6}.Release|Any CPU.Build.0 = Release|Any CPU
		{56A2FE10-0395-4A42-94ED-40698C0B98B6}.Release|x64.ActiveCfg = Release|Any CPU
		{56A2FE10-0395-4A42-94ED-40698C0B98B6}.Release|x64.Build.0 = Release|Any CPU
		{56A2FE10-0395-4A42-94ED-40698C0B98B6}.Release|x86.ActiveCfg = Release|Any CPU
		{56A2FE10-0395-4A42-94ED-40698C0B98B6}.Release|x86.Build.0 = Release|Any CPU
		{CA5D4C8F-DFCF-4DEE-BCAF-42D8C6D0E2BF}.Debug|Any CPU.ActiveCfg = Debug|Any CPU
		{CA5D4C8F-DFCF-4DEE-BCAF-42D8C6D0E2BF}.Debug|Any CPU.Build.0 = Debug|Any CPU
		{CA5D4C8F-DFCF-4DEE-BCAF-42D8C6D0E2BF}.Debug|x64.ActiveCfg = Debug|Any CPU
		{CA5D4C8F-DFCF-4DEE-BCAF-42D8C6D0E2BF}.Debug|x64.Build.0 = Debug|Any CPU
		{CA5D4C8F-DFCF-4DEE-BCAF-42D8C6D0E2BF}.Debug|x86.ActiveCfg = Debug|Any CPU
		{CA5D4C8F-DFCF-4DEE-BCAF-42D8C6D0E2BF}.Debug|x86.Build.0 = Debug|Any CPU
		{CA5D4C8F-DFCF-4DEE-BCAF-42D8C6D0E2BF}.Release|Any CPU.ActiveCfg = Release|Any CPU
		{CA5D4C8F-DFCF-4DEE-BCAF-42D8C6D0E2BF}.Release|Any CPU.Build.0 = Release|Any CPU
		{CA5D4C8F-DFCF-4DEE-BCAF-42D8C6D0E2BF}.Release|x64.ActiveCfg = Release|Any CPU
		{CA5D4C8F-DFCF-4DEE-BCAF-42D8C6D0E2BF}.Release|x64.Build.0 = Release|Any CPU
		{CA5D4C8F-DFCF-4DEE-BCAF-42D8C6D0E2BF}.Release|x86.ActiveCfg = Release|Any CPU
		{CA5D4C8F-DFCF-4DEE-BCAF-42D8C6D0E2BF}.Release|x86.Build.0 = Release|Any CPU
		{83E98A59-231A-4BCC-9D43-11BE0A5718B6}.Debug|Any CPU.ActiveCfg = Debug|Any CPU
		{83E98A59-231A-4BCC-9D43-11BE0A5718B6}.Debug|Any CPU.Build.0 = Debug|Any CPU
		{83E98A59-231A-4BCC-9D43-11BE0A5718B6}.Debug|x64.ActiveCfg = Debug|Any CPU
		{83E98A59-231A-4BCC-9D43-11BE0A5718B6}.Debug|x64.Build.0 = Debug|Any CPU
		{83E98A59-231A-4BCC-9D43-11BE0A5718B6}.Debug|x86.ActiveCfg = Debug|Any CPU
		{83E98A59-231A-4BCC-9D43-11BE0A5718B6}.Debug|x86.Build.0 = Debug|Any CPU
		{83E98A59-231A-4BCC-9D43-11BE0A5718B6}.Release|Any CPU.ActiveCfg = Release|Any CPU
		{83E98A59-231A-4BCC-9D43-11BE0A5718B6}.Release|Any CPU.Build.0 = Release|Any CPU
		{83E98A59-231A-4BCC-9D43-11BE0A5718B6}.Release|x64.ActiveCfg = Release|Any CPU
		{83E98A59-231A-4BCC-9D43-11BE0A5718B6}.Release|x64.Build.0 = Release|Any CPU
		{83E98A59-231A-4BCC-9D43-11BE0A5718B6}.Release|x86.ActiveCfg = Release|Any CPU
		{83E98A59-231A-4BCC-9D43-11BE0A5718B6}.Release|x86.Build.0 = Release|Any CPU
	EndGlobalSection
	GlobalSection(SolutionProperties) = preSolution
		HideSolutionNode = FALSE
	EndGlobalSection
	GlobalSection(NestedProjects) = preSolution
		{E083FFD2-68C5-4365-98EE-9D71832A5A7E} = {827E0CD3-B72D-47B6-A68D-7590B98EB39B}
		{56A2FE10-0395-4A42-94ED-40698C0B98B6} = {827E0CD3-B72D-47B6-A68D-7590B98EB39B}
		{CA5D4C8F-DFCF-4DEE-BCAF-42D8C6D0E2BF} = {0AB3BF05-4346-4AA6-1389-037BE0695223}
		{83E98A59-231A-4BCC-9D43-11BE0A5718B6} = {0AB3BF05-4346-4AA6-1389-037BE0695223}
	EndGlobalSection
EndGlobal
